
Microsoft Visual Studio Solution File, Format Version 11.00
# Visual Studio 2010
Project("{FAE04EC0-301F-11D3-BF4B-00C04F79EFBC}") = "Assembly-CSharp", "Assembly-CSharp.csproj", "{FE6882F0-5A95-2711-2F61-76870F7750FE}"
EndProject
Global
	GlobalSection(SolutionConfigurationPlatforms) = preSolution
		Debug|Any CPU = Debug|Any CPU
		Release|Any CPU = Release|Any CPU
	EndGlobalSection
	GlobalSection(ProjectConfigurationPlatforms) = postSolution
		{FE6882F0-5A95-2711-2F61-76870F7750FE}.Debug|Any CPU.ActiveCfg = Debug|Any CPU
		{FE6882F0-5A95-2711-2F61-76870F7750FE}.Debug|Any CPU.Build.0 = Debug|Any CPU
		{FE6882F0-5A95-2711-2F61-76870F7750FE}.Release|Any CPU.ActiveCfg = Release|Any CPU
		{FE6882F0-5A95-2711-2F61-76870F7750FE}.Release|Any CPU.Build.0 = Release|Any CPU
	EndGlobalSection
	GlobalSection(SolutionProperties) = preSolution
		HideSolutionNode = FALSE
	EndGlobalSection
	GlobalSection(MonoDevelopProperties) = preSolution
		StartupItem = Assembly-CSharp.csproj
	EndGlobalSection
EndGlobal
